lockfileVersion: 5.4

specifiers:
  '@pnpm/find-workspace-packages': ^4.0.26
  '@pnpm/logger': ^4.0.0
  '@pnpm/types': ^8.5.0
  '@types/fs-extra': ^9.0.13
  '@types/fs-readdir-recursive': ^1.1.0
  '@types/glob': ^7.2.0
  '@types/node': ^18.6.3
  commander: ^9.4.0
  fs-extra: ^10.1.0
  fs-readdir-recursive: ^1.1.0
  glob: ^8.0.3
  tsc-alias: ^1.7.0
  typescript: ^4.7.4

dependencies:
  '@pnpm/find-workspace-packages': 4.0.26_@pnpm+logger@4.0.0
  '@pnpm/logger': 4.0.0
  commander: 9.4.0
  fs-extra: 10.1.0
  fs-readdir-recursive: 1.1.0
  glob: 8.0.3

devDependencies:
  '@pnpm/types': 8.5.0
  '@types/fs-extra': 9.0.13
  '@types/fs-readdir-recursive': 1.1.0
  '@types/glob': 7.2.0
  '@types/node': 18.6.3
  tsc-alias: 1.7.0
  typescript: 4.7.4

packages:

  /@babel/code-frame/7.18.6:
    resolution: {integrity: sha512-TDCmlK5eOvH+eH7cdAFlNXeVJqWIQ7gW9tY1GJIpUtFb6CmjVyq2VM3u71bOyR8CRihcCgMUYoDNyLXao3+70Q==}
    engines: {node: '>=6.9.0'}
    dependencies:
      '@babel/highlight': 7.18.6
    dev: false

  /@babel/helper-validator-identifier/7.18.6:
    resolution: {integrity: sha512-MmetCkz9ej86nJQV+sFCxoGGrUbU3q02kgLciwkrt9QqEB7cP39oKEY0PakknEO0Gu20SskMRi+AYZ3b1TpN9g==}
    engines: {node: '>=6.9.0'}
    dev: false

  /@babel/highlight/7.18.6:
    resolution: {integrity: sha512-u7stbOuYjaPezCuLj29hNW1v64M2Md2qupEKP1fHc7WdOA3DgLh37suiSrZYY7haUB7iBeQZ9P1uiRF359do3g==}
    engines: {node: '>=6.9.0'}
    dependencies:
      '@babel/helper-validator-identifier': 7.18.6
      chalk: 2.4.2
      js-tokens: 4.0.0
    dev: false

  /@nodelib/fs.scandir/2.1.5:
    resolution: {integrity: sha512-vq24Bq3ym5HEQm2NKCr3yXDwjc7vTsEThRDnkp2DK9p1uqLR+DHurm/NOTo0KG7HYHU7eppKZj3MyqYuMBf62g==}
    engines: {node: '>= 8'}
    dependencies:
      '@nodelib/fs.stat': 2.0.5
      run-parallel: 1.2.0

  /@nodelib/fs.stat/2.0.5:
    resolution: {integrity: sha512-RkhPPp2zrqDAQA/2jNhnztcPAlv64XdhIp7a7454A5ovI7Bukxgt7MX7udwAu3zg1DcpPU0rz3VV1SeaqvY4+A==}
    engines: {node: '>= 8'}

  /@nodelib/fs.walk/1.2.8:
    resolution: {integrity: sha512-oGB+UxlgWcgQkgwo8GcEGwemoTFt3FIO9ababBmaGwXIoBKZ+GTy0pP185beGg7Llih/NSHSV2XAs1lnznocSg==}
    engines: {node: '>= 8'}
    dependencies:
      '@nodelib/fs.scandir': 2.1.5
      fastq: 1.13.0

  /@pnpm/cli-meta/3.0.6:
    resolution: {integrity: sha512-YD+RMDczTT5+u6oIUlm3JWKSCsLqoqoyk3qU8OkM+b7GPGAMnTpCrLyEjPwaz1hnhbuBvv3A+jnuQcGQOXeIEg==}
    engines: {node: '>=14.6'}
    dependencies:
      '@pnpm/types': 8.5.0
      load-json-file: 6.2.0
    dev: false

  /@pnpm/cli-utils/0.7.26_@pnpm+logger@4.0.0:
    resolution: {integrity: sha512-wuf/xBIw53uq1VIqalvrPs1nBD2l7MRL4vOd/lnujKU4aSH6qQIFT9sVhuoil3RdrPfyhWtj4RDJPpSdD6T0aA==}
    engines: {node: '>=14.6'}
    peerDependencies:
      '@pnpm/logger': ^4.0.0
    dependencies:
      '@pnpm/cli-meta': 3.0.6
      '@pnpm/config': 15.9.0_@pnpm+logger@4.0.0
      '@pnpm/default-reporter': 9.1.15_@pnpm+logger@4.0.0
      '@pnpm/error': 3.0.1
      '@pnpm/logger': 4.0.0
      '@pnpm/manifest-utils': 3.1.2_@pnpm+logger@4.0.0
      '@pnpm/package-is-installable': 6.0.8_@pnpm+logger@4.0.0
      '@pnpm/read-project-manifest': 3.0.9
      '@pnpm/types': 8.5.0
      chalk: 4.1.2
      load-json-file: 6.2.0
    dev: false

  /@pnpm/config/15.9.0_@pnpm+logger@4.0.0:
    resolution: {integrity: sha512-vCMoGvXZG1OUmxGYQTm/LMlSoJUy/1/SEr/yIm+ju5l/hDRUAbH6QEcs8FBv9vbwHD7S47h3R+wulpkNVubvVA==}
    engines: {node: '>=14.6'}
    dependencies:
      '@pnpm/constants': 6.1.0
      '@pnpm/error': 3.0.1
      '@pnpm/git-utils': 0.1.0
      '@pnpm/matcher': 3.0.0
      '@pnpm/npm-conf': 2.0.0
      '@pnpm/pnpmfile': 2.1.0_@pnpm+logger@4.0.0
      '@pnpm/read-project-manifest': 3.0.9
      '@pnpm/types': 8.5.0
      camelcase: 6.3.0
      can-write-to-dir: 1.1.1
      is-subdir: 1.2.0
      normalize-registry-url: 2.0.0
      path-name: 1.0.0
      ramda: /@pnpm/ramda/0.28.1
      realpath-missing: 1.1.0
      which: 2.0.2
    transitivePeerDependencies:
      - '@pnpm/logger'
    dev: false

  /@pnpm/constants/6.1.0:
    resolution: {integrity: sha512-L6AiU3OXv9kjKGTJN9j8n1TeJGDcLX9atQlZvAkthlvbXjvKc5SKNWESc/eXhr5nEfuMWhQhiKHDJCpYejmeCQ==}
    engines: {node: '>=14.19'}
    dev: false

  /@pnpm/core-loggers/7.0.6_@pnpm+logger@4.0.0:
    resolution: {integrity: sha512-68r3T7gPi+Je/tMA7m8TAOjv/TTSCjjGI0nGUwsuK+aXIGn7eqCyknX1jk/kTrCWo+vsPMX26Pw0P5A0d1iYBA==}
    engines: {node: '>=14.6'}
    peerDependencies:
      '@pnpm/logger': ^4.0.0
    dependencies:
      '@pnpm/logger': 4.0.0
      '@pnpm/types': 8.5.0
    dev: false

  /@pnpm/default-reporter/9.1.15_@pnpm+logger@4.0.0:
    resolution: {integrity: sha512-wcdicIEqSQdlW+zeWXT9VjdV2uO17H01/jnaqJhD4Zu6GMhmbBVyCFFCOhVEZ3koEhDO0h3HQR8zlMwRebfykg==}
    engines: {node: '>=14.6'}
    peerDependencies:
      '@pnpm/logger': ^4.0.0
    dependencies:
      '@pnpm/config': 15.9.0_@pnpm+logger@4.0.0
      '@pnpm/core-loggers': 7.0.6_@pnpm+logger@4.0.0
      '@pnpm/error': 3.0.1
      '@pnpm/logger': 4.0.0
      '@pnpm/render-peer-issues': 2.1.0
      '@pnpm/types': 8.5.0
      ansi-diff: 1.1.1
      boxen: 5.1.2
      chalk: 4.1.2
      normalize-path: 3.0.0
      pretty-bytes: 5.6.0
      pretty-ms: 7.0.1
      ramda: /@pnpm/ramda/0.28.1
      right-pad: 1.0.1
      rxjs: 7.5.6
      semver: 7.3.7
      stacktracey: 2.1.8
      string-length: 4.0.2
      strip-ansi: 6.0.1
    dev: false

  /@pnpm/error/3.0.1:
    resolution: {integrity: sha512-hMlbWbFcfcfolNfSjKjpeaZFow71kNg438LZ8rAd01swiVIYRUf/sRv8gGySru6AijYfz5UqslpIJRDbYBkgQA==}
    engines: {node: '>=14.19'}
    dependencies:
      '@pnpm/constants': 6.1.0
    dev: false

  /@pnpm/fetcher-base/13.0.2:
    resolution: {integrity: sha512-CSTyRirmbsvkiamOxvi50QbFrJ8/CS/rAeVQIvUDeZQQmniO1oa/lAsQ3bzmBRhEl5VuReyzFHOqDMT2o/q7Cg==}
    engines: {node: '>=14.6'}
    dependencies:
      '@pnpm/resolver-base': 9.0.6
      '@pnpm/types': 8.5.0
      '@types/ssri': 7.1.1
    dev: false

  /@pnpm/find-workspace-packages/4.0.26_@pnpm+logger@4.0.0:
    resolution: {integrity: sha512-opGfLHeIoFjgSgMbzLA24ioIm/3cOBOkHrWPIsotTJE7+RKAhom46G2hN9prN4pmmwcZifle63o5WwISHOpDyw==}
    engines: {node: '>=14.6'}
    dependencies:
      '@pnpm/cli-utils': 0.7.26_@pnpm+logger@4.0.0
      '@pnpm/constants': 6.1.0
      '@pnpm/types': 8.5.0
      find-packages: 9.0.9
      read-yaml-file: 2.1.0
    transitivePeerDependencies:
      - '@pnpm/logger'
    dev: false

  /@pnpm/git-utils/0.1.0:
    resolution: {integrity: sha512-W3zsG9585cKL+FqgcT+IfTgZX5C+CbNkFjOnJN+qbysT1N30+BbvEByCcDMsTy7QDrAk6oS7WU1Rym3U2xlh2Q==}
    engines: {node: '>=14.6'}
    dependencies:
      execa: /safe-execa/0.1.2
    dev: false

  /@pnpm/graceful-fs/2.0.0:
    resolution: {integrity: sha512-ogUZCGf0/UILZt6d8PsO4gA4pXh7f0BumXeFkcCe4AQ65PXPKfAkHC0C30Lheh2EgFOpLZm3twDP1Eiww18gew==}
    engines: {node: '>=14.19'}
    dependencies:
      graceful-fs: 4.2.10
    dev: false

  /@pnpm/lockfile-types/4.3.1:
    resolution: {integrity: sha512-xoorF+CuuUvpjfi8Uw/xkf8LI9VDzs9W1gjSxkKS8UwK60zU5fu4agILJfVVGlHO1tnjJeGRuspBjp7UZ8ufMA==}
    engines: {node: '>=14.6'}
    dependencies:
      '@pnpm/types': 8.5.0
    dev: false

  /@pnpm/logger/4.0.0:
    resolution: {integrity: sha512-SIShw+k556e7S7tLZFVSIHjCdiVog1qWzcKW2RbLEHPItdisAFVNIe34kYd9fMSswTlSRLS/qRjw3ZblzWmJ9Q==}
    engines: {node: '>=12.17'}
    dependencies:
      bole: 4.0.0
      ndjson: 2.0.0
    dev: false

  /@pnpm/manifest-utils/3.1.2_@pnpm+logger@4.0.0:
    resolution: {integrity: sha512-ituyeV8krdIUQIhfqjBaUs0WnBR1/QP+o8mknNumQAFKur2nta4EzxR3TUIFS5SGCQtUfQNfF7v6WpsI89r2xQ==}
    engines: {node: '>=14.6'}
    dependencies:
      '@pnpm/core-loggers': 7.0.6_@pnpm+logger@4.0.0
      '@pnpm/error': 3.0.1
      '@pnpm/types': 8.5.0
    transitivePeerDependencies:
      - '@pnpm/logger'
    dev: false

  /@pnpm/matcher/3.0.0:
    resolution: {integrity: sha512-EXbwjVoiX6PPYkMTJu/1V4wlqR3cY7Z4UpIdpoCEBurZgiD4MfxChLiKzcbiSC/DTMewjcwVhNT0BL+EAEj3yA==}
    engines: {node: '>=14.19'}
    dependencies:
      escape-string-regexp: 4.0.0
    dev: false

  /@pnpm/network.ca-file/1.0.1:
    resolution: {integrity: sha512-gkINruT2KUhZLTaiHxwCOh1O4NVnFT0wLjWFBHmTz9vpKag/C/noIMJXBxFe4F0mYpUVX2puLwAieLYFg2NvoA==}
    engines: {node: '>=12.22.0'}
    dependencies:
      graceful-fs: 4.2.10
    dev: false

  /@pnpm/npm-conf/2.0.0:
    resolution: {integrity: sha512-Ot3xJvdbRQ3fwtDeRYMik/97BbCKij9ZupSgY1tJLCzPPgYRTIIjwdOBHQX2qGbwqNeKd6EneMyKAAsUMO09Bw==}
    engines: {node: '>=12'}
    dependencies:
      '@pnpm/network.ca-file': 1.0.1
      config-chain: 1.1.13
    dev: false

  /@pnpm/package-is-installable/6.0.8_@pnpm+logger@4.0.0:
    resolution: {integrity: sha512-ITUkR8ceZmZhBwQn+GbV/Bt5Csr2GW5fDkN/czGNW1j2fWdPKExSn5iUr6h5EnOF5wGDIel3aFwgRBO2i2Lk4A==}
    engines: {node: '>=14.6'}
    peerDependencies:
      '@pnpm/logger': ^4.0.0
    dependencies:
      '@pnpm/core-loggers': 7.0.6_@pnpm+logger@4.0.0
      '@pnpm/error': 3.0.1
      '@pnpm/logger': 4.0.0
      '@pnpm/types': 8.5.0
      detect-libc: 2.0.1
      execa: /safe-execa/0.1.2
      mem: 8.1.1
      semver: 7.3.7
    dev: false

  /@pnpm/pnpmfile/2.1.0_@pnpm+logger@4.0.0:
    resolution: {integrity: sha512-nwbSyKDFZ0qD73EZQNpvmFOLnWlNkG3C5JGoBoo+P4J8CydiNVkh1F9M9wJl0aK+oHOu6Ex+nrFbplHQr0Q8wg==}
    engines: {node: '>=14.6'}
    peerDependencies:
      '@pnpm/logger': ^4.0.0
    dependencies:
      '@pnpm/core-loggers': 7.0.6_@pnpm+logger@4.0.0
      '@pnpm/error': 3.0.1
      '@pnpm/lockfile-types': 4.3.1
      '@pnpm/logger': 4.0.0
      '@pnpm/store-controller-types': 14.1.0
      '@pnpm/types': 8.5.0
      chalk: 4.1.2
      path-absolute: 1.0.1
    dev: false

  /@pnpm/ramda/0.28.1:
    resolution: {integrity: sha512-zcAG+lvU0fMziNeGXpPyCyCJYp5ZVrPElEE4t14jAmViaihohocZ+dDkcRIyAomox8pQsuZnv1EyHR+pOhmUWw==}
    dev: false

  /@pnpm/read-project-manifest/3.0.9:
    resolution: {integrity: sha512-27j40C48hA/tqsCiqk9ApJxp2g6WGrrj2RSs0NKhsSHynxAuA1tIvwatNISQbAiMjZiu1lfhzhq8m1QdblyNmA==}
    engines: {node: '>=14.6'}
    dependencies:
      '@pnpm/error': 3.0.1
      '@pnpm/graceful-fs': 2.0.0
      '@pnpm/types': 8.5.0
      '@pnpm/write-project-manifest': 3.0.7
      detect-indent: 6.1.0
      fast-deep-equal: 3.1.3
      is-windows: 1.0.2
      json5: 2.2.1
      parse-json: 5.2.0
      read-yaml-file: 2.1.0
      sort-keys: 4.2.0
      strip-bom: 4.0.0
    dev: false

  /@pnpm/render-peer-issues/2.1.0:
    resolution: {integrity: sha512-hY/pdOJN9bocwwj5KjzRpb7YBmbQ+W8TwaCSszIrTzCIVqw229aIbu5R5Y0mrLoDoPm4vbCoMbAplPBgQOr52w==}
    engines: {node: '>=14.6'}
    dependencies:
      '@pnpm/types': 8.5.0
      archy: 1.0.0
      chalk: 4.1.2
      cli-columns: 4.0.0
    dev: false

  /@pnpm/resolver-base/9.0.6:
    resolution: {integrity: sha512-CF9LdRdgK9pXjoC79Z0tw40pf6TYP6MiYGLA6/ZredPywU8zJ90Jp9Td3Z8ovN/qDjFyn0Tq4qJFjPMFPviV8w==}
    engines: {node: '>=14.6'}
    dependencies:
      '@pnpm/types': 8.5.0
    dev: false

  /@pnpm/store-controller-types/14.1.0:
    resolution: {integrity: sha512-PW/Ehx6mZD8rvhMRY4GXUSAl4I4pf3ByIagIlCf4+YW6cLDXyN2OKZLTyCtqlB76rgWG17HKNYF1o/+ydnZ0lA==}
    engines: {node: '>=14.6'}
    dependencies:
      '@pnpm/fetcher-base': 13.0.2
      '@pnpm/resolver-base': 9.0.6
      '@pnpm/types': 8.5.0
    dev: false

  /@pnpm/types/8.5.0:
    resolution: {integrity: sha512-PSKnhkwgiZtp9dcWZR9mPz2W9UopmADr9o8FTqazo5kjUSh2xQmDUSJOJ/ZWcfNziO64Ix/VbcxKIZeplhog1Q==}
    engines: {node: '>=14.6'}

  /@pnpm/write-project-manifest/3.0.7:
    resolution: {integrity: sha512-rMgIWR52asESg1D7Cp/vBi3dBsv18iUWPvvtYNynrcOjRdE3NsH5CAdfZP/XN6HJF6CSY8rS9W4YC5Q3JGtxiw==}
    engines: {node: '>=14.6'}
    dependencies:
      '@pnpm/types': 8.5.0
      json5: 2.2.1
      write-file-atomic: 3.0.3
      write-yaml-file: 4.2.0
    dev: false

  /@types/fs-extra/9.0.13:
    resolution: {integrity: sha512-nEnwB++1u5lVDM2UI4c1+5R+FYaKfaAzS4OococimjVm3nQw3TuzH5UNsocrcTBbhnerblyHj4A49qXbIiZdpA==}
    dependencies:
      '@types/node': 18.6.3
    dev: true

  /@types/fs-readdir-recursive/1.1.0:
    resolution: {integrity: sha512-bod4N8d1d0qF2GV4j79jdh0MZEki3rJ093a0Hx3zHhlHK6jctkA0zfux1tu9sOfET2IMKTrbxAk8o0z8aJTA+g==}
    dev: true

  /@types/glob/7.2.0:
    resolution: {integrity: sha512-ZUxbzKl0IfJILTS6t7ip5fQQM/J3TJYubDm3nMbgubNNYS62eXeUpoLUC8/7fJNiFYHTrGPQn7hspDUzIHX3UA==}
    dependencies:
      '@types/minimatch': 3.0.5
      '@types/node': 18.6.3
    dev: true

  /@types/minimatch/3.0.5:
    resolution: {integrity: sha512-Klz949h02Gz2uZCMGwDUSDS1YBlTdDDgbWHi+81l29tQALUtvz4rAYi5uoVhE5Lagoq6DeqAUlbrHvW/mXDgdQ==}
    dev: true

  /@types/node/18.6.3:
    resolution: {integrity: sha512-6qKpDtoaYLM+5+AFChLhHermMQxc3TOEFIDzrZLPRGHPrLEwqFkkT5Kx3ju05g6X7uDPazz3jHbKPX0KzCjntg==}

  /@types/ssri/7.1.1:
    resolution: {integrity: sha512-DPP/jkDaqGiyU75MyMURxLWyYLwKSjnAuGe9ZCsLp9QZOpXmDfuevk769F0BS86TmRuD5krnp06qw9nSoNO+0g==}
    dependencies:
      '@types/node': 18.6.3
    dev: false

  /@zkochan/which/2.0.3:
    resolution: {integrity: sha512-C1ReN7vt2/2O0fyTsx5xnbQuxBrmG5NMSbcIkPKCCfCTJgpZBsuRYzFXHj3nVq8vTfK7vxHUmzfCpSHgO7j4rg==}
    engines: {node: '>= 8'}
    hasBin: true
    dependencies:
      isexe: 2.0.0
    dev: false

  /ansi-align/3.0.1:
    resolution: {integrity: sha512-IOfwwBF5iczOjp/WeY4YxyjqAFMQoZufdQWDd19SEExbVLNXqvpzSJ/M7Za4/sCPmQ0+GRquoA7bGcINcxew6w==}
    dependencies:
      string-width: 4.2.3
    dev: false

  /ansi-diff/1.1.1:
    resolution: {integrity: sha512-XnTdFDQzbEewrDx8epWXdw7oqHMvv315vEtfqDiEhhWghIf4++h26c3/FMz7iTLhNrnj56DNIXpbxHZq+3s6qw==}
    dependencies:
      ansi-split: 1.0.1
    dev: false

  /ansi-regex/3.0.1:
    resolution: {integrity: sha512-+O9Jct8wf++lXxxFc4hc8LsjaSq0HFzzL7cVsw8pRDIPdjKD2mT4ytDZlLuSBZ4cLKZFXIrMGO7DbQCtMJJMKw==}
    engines: {node: '>=4'}
    dev: false

  /ansi-regex/5.0.1:
    resolution: {integrity: sha512-quJQXlTSUGL2LH9SUXo8VwsY4soanhgo6LNSm84E1LBcE8s3O0wpdiRzyR9z/ZZJMlMWv37qOOb9pdJlMUEKFQ==}
    engines: {node: '>=8'}
    dev: false

  /ansi-split/1.0.1:
    resolution: {integrity: sha512-RRxQym4DFtDNmHIkW6aeFVvrXURb11lGAEPXNiryjCe8bK8RsANjzJ0M2aGOkvBYwP4Bl/xZ8ijtr6D3j1x/eg==}
    dependencies:
      ansi-regex: 3.0.1
    dev: false

  /ansi-styles/3.2.1:
    resolution: {integrity: sha512-VT0ZI6kZRdTh8YyJw3SMbYm/u+NqfsAxEpWO0Pf9sq8/e94WxxOpPKx9FR1FlyCtOVDNOQ+8ntlqFxiRc+r5qA==}
    engines: {node: '>=4'}
    dependencies:
      color-convert: 1.9.3
    dev: false

  /ansi-styles/4.3.0:
    resolution: {integrity: sha512-zbB9rCJAT1rbjiVDb2hqKFHNYLxgtk8NURxZ3IZwD3F6NtxbXZQCnnSi1Lkx+IDohdPlFp222wVALIheZJQSEg==}
    engines: {node: '>=8'}
    dependencies:
      color-convert: 2.0.1
    dev: false

  /anymatch/3.1.2:
    resolution: {integrity: sha512-P43ePfOAIupkguHUycrc4qJ9kz8ZiuOUijaETwX7THt0Y/GNK7v0aa8rY816xWjZ7rJdA5XdMcpVFTKMq+RvWg==}
    engines: {node: '>= 8'}
    dependencies:
      normalize-path: 3.0.0
      picomatch: 2.3.1
    dev: true

  /archy/1.0.0:
    resolution: {integrity: sha512-Xg+9RwCg/0p32teKdGMPTPnVXKD0w3DfHnFTficozsAgsvq2XenPJq/MYpzzQ/v8zrOyJn6Ds39VA4JIDwFfqw==}
    dev: false

  /argparse/2.0.1:
    resolution: {integrity: sha512-8+9WqebbFzpX9OR+Wa6O29asIogeRMzcGtAINdpMHHyAg10f05aSFVBbcEqGf/PXw1EjAZ+q2/bEBg3DvurK3Q==}
    dev: false

  /array-union/2.1.0:
    resolution: {integrity: sha512-HGyxoOTYUyCM6stUe6EJgnd4EoewAI7zMdfqO+kGjnlZmBDz/cR5pf8r/cR4Wq60sL/p0IkcjUEEPwS3GFrIyw==}
    engines: {node: '>=8'}
    dev: true

  /as-table/1.0.55:
    resolution: {integrity: sha512-xvsWESUJn0JN421Xb9MQw6AsMHRCUknCe0Wjlxvjud80mU4E6hQf1A6NzQKcYNmYw62MfzEtXc+badstZP3JpQ==}
    dependencies:
      printable-characters: 1.0.42
    dev: false

  /balanced-match/1.0.2:
    resolution: {integrity: sha512-3oSeUO0TMV67hN1AmbXsK4yaqU7tjiHlbxRDZOpH0KW9+CeX4bRAaX0Anxt0tx2MrpRpWwQaPwIlISEJhYU5Pw==}
    dev: false

  /better-path-resolve/1.0.0:
    resolution: {integrity: sha512-pbnl5XzGBdrFU/wT4jqmJVPn2B6UHPBOhzMQkY/SPUPB6QtUXtmBHBIwCbXJol93mOpGMnQyP/+BB19q04xj7g==}
    engines: {node: '>=4'}
    dependencies:
      is-windows: 1.0.2
    dev: false

  /binary-extensions/2.2.0:
    resolution: {integrity: sha512-jDctJ/IVQbZoJykoeHbhXpOlNBqGNcwXJKJog42E5HDPUwQTSdjCHdihjj0DlnheQ7blbT6dHOafNAiS8ooQKA==}
    engines: {node: '>=8'}
    dev: true

  /bole/4.0.0:
    resolution: {integrity: sha512-Bk/2qoyOSlwU1dnDFk/oPM2FCNKAlYlBHfpAgwGX+K9HUtxSvmIAQCmMWMOvE6BlHHRCwsH1MxJe/r1ieodxqQ==}
    dependencies:
      fast-safe-stringify: 2.1.1
      individual: 3.0.0
    dev: false

  /boxen/5.1.2:
    resolution: {integrity: sha512-9gYgQKXx+1nP8mP7CzFyaUARhg7D3n1dF/FnErWmu9l6JvGpNUN278h0aSb+QjoiKSWG+iZ3uHrcqk0qrY9RQQ==}
    engines: {node: '>=10'}
    dependencies:
      ansi-align: 3.0.1
      camelcase: 6.3.0
      chalk: 4.1.2
      cli-boxes: 2.2.1
      string-width: 4.2.3
      type-fest: 0.20.2
      widest-line: 3.1.0
      wrap-ansi: 7.0.0
    dev: false

  /brace-expansion/2.0.1:
    resolution: {integrity: sha512-XnAIvQ8eM+kC6aULx6wuQiwVsnzsi9d3WxzV3FpWTGA19F621kwdbsAcFKXgKUHZWsy+mY6iL1sHTxWEFCytDA==}
    dependencies:
      balanced-match: 1.0.2
    dev: false

  /braces/3.0.2:
    resolution: {integrity: sha512-b8um+L1RzM3WDSzvhm6gIz1yfTbBt6YTlcEKAvsmqCZZFw46z626lVj9j1yEPW33H5H+lBQpZMP1k8l+78Ha0A==}
    engines: {node: '>=8'}
    dependencies:
      fill-range: 7.0.1

  /camelcase/6.3.0:
    resolution: {integrity: sha512-Gmy6FhYlCY7uOElZUSbxo2UCDH8owEk996gkbrpsgGtrJLM3J7jGxl9Ic7Qwwj4ivOE5AWZWRMecDdF7hqGjFA==}
    engines: {node: '>=10'}
    dev: false

  /can-write-to-dir/1.1.1:
    resolution: {integrity: sha512-eOgiEWqjppB+3DN/5E82EQ8dTINus8d9GXMCbEsUnp2hcUIcXmBvzWmD3tXMk3CuBK0v+ddK9qw0EAF+JVRMjQ==}
    engines: {node: '>=10.13'}
    dependencies:
      path-temp: 2.0.0
    dev: false

  /chalk/2.4.2:
    resolution: {integrity: sha512-Mti+f9lpJNcwF4tWV8/OrTTtF1gZi+f8FqlyAdouralcFWFQWF2+NgCHShjkCb+IFBLq9buZwE1xckQU4peSuQ==}
    engines: {node: '>=4'}
    dependencies:
      ansi-styles: 3.2.1
      escape-string-regexp: 1.0.5
      supports-color: 5.5.0
    dev: false

  /chalk/4.1.2:
    resolution: {integrity: sha512-oKnbhFyRIXpUuez8iBMmyEa4nbj4IOQyuhc/wy9kY7/WVPcwIO9VA668Pu8RkO7+0G76SLROeyw9CpQ061i4mA==}
    engines: {node: '>=10'}
    dependencies:
      ansi-styles: 4.3.0
      supports-color: 7.2.0
    dev: false

  /char-regex/1.0.2:
    resolution: {integrity: sha512-kWWXztvZ5SBQV+eRgKFeh8q5sLuZY2+8WUIzlxWVTg+oGwY14qylx1KbKzHd8P6ZYkAg0xyIDU9JMHhyJMZ1jw==}
    engines: {node: '>=10'}
    dev: false

  /chokidar/3.5.3:
    resolution: {integrity: sha512-Dr3sfKRP6oTcjf2JmUmFJfeVMvXBdegxB0iVQ5eb2V10uFJUCAS8OByZdVAyVb8xXNz3GjjTgj9kLWsZTqE6kw==}
    engines: {node: '>= 8.10.0'}
    dependencies:
      anymatch: 3.1.2
      braces: 3.0.2
      glob-parent: 5.1.2
      is-binary-path: 2.1.0
      is-glob: 4.0.3
      normalize-path: 3.0.0
      readdirp: 3.6.0
    optionalDependencies:
      fsevents: 2.3.2
    dev: true

  /cli-boxes/2.2.1:
    resolution: {integrity: sha512-y4coMcylgSCdVinjiDBuR8PCC2bLjyGTwEmPb9NHR/QaNU6EUOXcTY/s6VjGMD6ENSEaeQYHCY0GNGS5jfMwPw==}
    engines: {node: '>=6'}
    dev: false

  /cli-columns/4.0.0:
    resolution: {integrity: sha512-XW2Vg+w+L9on9wtwKpyzluIPCWXjaBahI7mTcYjx+BVIYD9c3yqcv/yKC7CmdCZat4rq2yiE1UMSJC5ivKfMtQ==}
    engines: {node: '>= 10'}
    dependencies:
      string-width: 4.2.3
      strip-ansi: 6.0.1
    dev: false

  /color-convert/1.9.3:
    resolution: {integrity: sha512-QfAUtd+vFdAtFQcC8CCyYt1fYWxSqAiK2cSD6zDB8N3cpsEBAvRxp9zOGg6G/SHHJYAT88/az/IuDGALsNVbGg==}
    dependencies:
      color-name: 1.1.3
    dev: false

  /color-convert/2.0.1:
    resolution: {integrity: sha512-RRECPsj7iu/xb5oKYcsFHSppFNnsj/52OVTRKb4zP5onXwVF3zVmmToNcOfGC+CRDpfK/U584fMg38ZHCaElKQ==}
    engines: {node: '>=7.0.0'}
    dependencies:
      color-name: 1.1.4
    dev: false

  /color-name/1.1.3:
    resolution: {integrity: sha512-72fSenhMw2HZMTVHeCA9KCmpEIbzWiQsjN+BHcBbS9vr1mtt+vJjPdksIBNUmKAW8TFUDPJK5SUU3QhE9NEXDw==}
    dev: false

  /color-name/1.1.4:
    resolution: {integrity: sha512-dOy+3AuW3a2wNbZHIuMZpTcgjGuLU/uBL/ubcZF9OXbDo8ff4O8yVp5Bf0efS8uEoYo5q4Fx7dY9OgQGXgAsQA==}
    dev: false

  /commander/9.4.0:
    resolution: {integrity: sha512-sRPT+umqkz90UA8M1yqYfnHlZA7fF6nSphDtxeywPZ49ysjxDQybzk13CL+mXekDRG92skbcqCLVovuCusNmFw==}
    engines: {node: ^12.20.0 || >=14}

  /config-chain/1.1.13:
    resolution: {integrity: sha512-qj+f8APARXHrM0hraqXYb2/bOVSV4PvJQlNZ/DVj0QrmNM2q2euizkeuVckQ57J+W0mRH6Hvi+k50M4Jul2VRQ==}
    dependencies:
      ini: 1.3.8
      proto-list: 1.2.4
    dev: false

  /cross-spawn/7.0.3:
    resolution: {integrity: sha512-iRDPJKUPVEND7dHPO8rkbOnPpyDygcDFtWjpeWNCgy8WP2rXcxXL8TskReQl6OrB2G7+UJrags1q15Fudc7G6w==}
    engines: {node: '>= 8'}
    dependencies:
      path-key: 3.1.1
      shebang-command: 2.0.0
      which: 2.0.2
    dev: false

  /crypto-random-string/2.0.0:
    resolution: {integrity: sha512-v1plID3y9r/lPhviJ1wrXpLeyUIGAZ2SHNYTEapm7/8A9nLPoyvVp3RK/EPFqn5kEznyWgYZNsRtYYIWbuG8KA==}
    engines: {node: '>=8'}
    dev: false

  /data-uri-to-buffer/2.0.2:
    resolution: {integrity: sha512-ND9qDTLc6diwj+Xe5cdAgVTbLVdXbtxTJRXRhli8Mowuaan+0EJOtdqJ0QCHNSSPyoXGx9HX2/VMnKeC34AChA==}
    dev: false

  /detect-indent/6.1.0:
    resolution: {integrity: sha512-reYkTUJAZb9gUuZ2RvVCNhVHdg62RHnJ7WJl8ftMi4diZ6NWlciOzQN88pUhSELEwflJht4oQDv0F0BMlwaYtA==}
    engines: {node: '>=8'}
    dev: false

  /detect-libc/2.0.1:
    resolution: {integrity: sha512-463v3ZeIrcWtdgIg6vI6XUncguvr2TnGl4SzDXinkt9mSLpBJKXT3mW6xT3VQdDN11+WVs29pgvivTc4Lp8v+w==}
    engines: {node: '>=8'}
    dev: false

  /dir-glob/3.0.1:
    resolution: {integrity: sha512-WkrWp9GR4KXfKGYzOLmTuGVi1UWFfws377n9cc55/tb6DuqyF6pcQ5AbiHEshaDpY9v6oaSr2XCDidGmMwdzIA==}
    engines: {node: '>=8'}
    dependencies:
      path-type: 4.0.0
    dev: true

  /emoji-regex/8.0.0:
    resolution: {integrity: sha512-MSjYzcWNOA0ewAHpz0MxpYFvwg6yjy1NG3xteoqz644VCo/RPgnr1/GGt+ic3iJTzQ8Eu3TdM14SawnVUmGE6A==}
    dev: false

  /error-ex/1.3.2:
    resolution: {integrity: sha512-7dFHNmqeFSEt2ZBsCriorKnn3Z2pj+fd9kmI6QoWw4//DL+icEBfc0U7qJCisqrTsKTjw4fNFy2pW9OqStD84g==}
    dependencies:
      is-arrayish: 0.2.1
    dev: false

  /escape-string-regexp/1.0.5:
    resolution: {integrity: sha512-vbRorB5FUQWvla16U8R/qgaFIya2qGzwDrNmCZuYKrbdSUMG6I1ZCGQRefkRVhuOkIGVne7BQ35DSfo1qvJqFg==}
    engines: {node: '>=0.8.0'}
    dev: false

  /escape-string-regexp/4.0.0:
    resolution: {integrity: sha512-TtpcNJ3XAzx3Gq8sWRzJaVajRs0uVxA2YAkdb1jm2YkPz4G6egUFAyA3n5vtEIZefPk5Wa4UXbKuS5fKkJWdgA==}
    engines: {node: '>=10'}
    dev: false

  /execa/5.1.1:
    resolution: {integrity: sha512-8uSpZZocAZRBAPIEINJj3Lo9HyGitllczc27Eh5YYojjMFMn8yHMDMaUHE2Jqfq05D/wucwI4JGURyXt1vchyg==}
    engines: {node: '>=10'}
    dependencies:
      cross-spawn: 7.0.3
      get-stream: 6.0.1
      human-signals: 2.1.0
      is-stream: 2.0.1
      merge-stream: 2.0.0
      npm-run-path: 4.0.1
      onetime: 5.1.2
      signal-exit: 3.0.7
      strip-final-newline: 2.0.0
    dev: false

  /fast-deep-equal/3.1.3:
    resolution: {integrity: sha512-f3qQ9oQy9j2AhBe/H9VC91wLmKBCCU/gDOnKNAYG5hswO7BLKj09Hc5HYNz9cGI++xlpDCIgDaitVs03ATR84Q==}
    dev: false

  /fast-glob/3.2.11:
    resolution: {integrity: sha512-xrO3+1bxSo3ZVHAnqzyuewYT6aMFHRAd4Kcs92MAonjwQZLsK9d0SF1IyQ3k5PoirxTW0Oe/RqFgMQ6TcNE5Ew==}
    engines: {node: '>=8.6.0'}
    dependencies:
      '@nodelib/fs.stat': 2.0.5
      '@nodelib/fs.walk': 1.2.8
      glob-parent: 5.1.2
      merge2: 1.4.1
      micromatch: 4.0.5

  /fast-safe-stringify/2.1.1:
    resolution: {integrity: sha512-W+KJc2dmILlPplD/H4K9l9LcAHAfPtP6BY84uVLXQ6Evcz9Lcg33Y2z1IVblT6xdY54PXYVHEv+0Wpq8Io6zkA==}
    dev: false

  /fastq/1.13.0:
    resolution: {integrity: sha512-YpkpUnK8od0o1hmeSc7UUs/eB/vIPWJYjKck2QKIzAf71Vm1AAQ3EbuZB3g2JIy+pg+ERD0vqI79KyZiB2e2Nw==}
    dependencies:
      reusify: 1.0.4

  /fill-range/7.0.1:
    resolution: {integrity: sha512-qOo9F+dMUmC2Lcb4BbVvnKJxTPjCm+RRpe4gDuGrzkL7mEVl/djYSu2OdQ2Pa302N4oqkSg9ir6jaLWJ2USVpQ==}
    engines: {node: '>=8'}
    dependencies:
      to-regex-range: 5.0.1

  /find-packages/9.0.9:
    resolution: {integrity: sha512-XkzVZSz5YTBYdDvUEQrTTRa5PSrYde7AU/ax0ic/USy+IEoHI6RqQQQxZxq6KFfsJngbDfIf5MM2gyrQ9Ztzjg==}
    engines: {node: '>=14.6'}
    dependencies:
      '@pnpm/read-project-manifest': 3.0.9
      '@pnpm/types': 8.5.0
      fast-glob: 3.2.11
      p-filter: 2.1.0
    dev: false

  /fs-extra/10.1.0:
    resolution: {integrity: sha512-oRXApq54ETRj4eMiFzGnHWGy+zo5raudjuxN0b8H7s/RU2oW0Wvsx9O0ACRN/kRq9E8Vu/ReskGB5o3ji+FzHQ==}
    engines: {node: '>=12'}
    dependencies:
      graceful-fs: 4.2.10
      jsonfile: 6.1.0
      universalify: 2.0.0
    dev: false

  /fs-readdir-recursive/1.1.0:
    resolution: {integrity: sha512-GNanXlVr2pf02+sPN40XN8HG+ePaNcvM0q5mZBd668Obwb0yD5GiUbZOFgwn8kGMY6I3mdyDJzieUy3PTYyTRA==}
    dev: false

  /fs.realpath/1.0.0:
    resolution: {integrity: sha512-OO0pH2lK6a0hZnAdau5ItzHPI6pUlvI7jMVnxUQRtw4owF2wk8lOSabtGDCTP4Ggrg2MbGnWO9X8K1t4+fGMDw==}
    dev: false

  /fsevents/2.3.2:
    resolution: {integrity: sha512-xiqMQR4xAeHTuB9uWm+fFRcIOgKBMiOBP+eXiyT7jsgVCq1bkVygt00oASowB7EdtpOHaaPgKt812P9ab+DDKA==}
    engines: {node: ^8.16.0 || ^10.6.0 || >=11.0.0}
    os: [darwin]
    requiresBuild: true
    dev: true
    optional: true

  /get-source/2.0.12:
    resolution: {integrity: sha512-X5+4+iD+HoSeEED+uwrQ07BOQr0kEDFMVqqpBuI+RaZBpBpHCuXxo70bjar6f0b0u/DQJsJ7ssurpP0V60Az+w==}
    dependencies:
      data-uri-to-buffer: 2.0.2
      source-map: 0.6.1
    dev: false

  /get-stream/6.0.1:
    resolution: {integrity: sha512-ts6Wi+2j3jQjqi70w5AlN8DFnkSwC+MqmxEzdEALB2qXZYV3X/b1CTfgPLGJNMeAWxdPfU8FO1ms3NUfaHCPYg==}
    engines: {node: '>=10'}
    dev: false

  /glob-parent/5.1.2:
    resolution: {integrity: sha512-AOIgSQCepiJYwP3ARnGx+5VnTu2HBYdzbGP45eLw1vr3zB3vZLeyed1sC9hnbcOc9/SrMyM5RPQrkGz4aS9Zow==}
    engines: {node: '>= 6'}
    dependencies:
      is-glob: 4.0.3

  /glob/8.0.3:
    resolution: {integrity: sha512-ull455NHSHI/Y1FqGaaYFaLGkNMMJbavMrEGFXG/PGrg6y7sutWHUHrz6gy6WEBH6akM1M414dWKCNs+IhKdiQ==}
    engines: {node: '>=12'}
    dependencies:
      fs.realpath: 1.0.0
      inflight: 1.0.6
      inherits: 2.0.4
      minimatch: 5.1.0
      once: 1.4.0
    dev: false

  /globby/11.1.0:
    resolution: {integrity: sha512-jhIXaOzy1sb8IyocaruWSn1TjmnBVs8Ayhcy83rmxNJ8q2uWKCAj3CnJY+KpGSXCueAPc0i05kVvVKtP1t9S3g==}
    engines: {node: '>=10'}
    dependencies:
      array-union: 2.1.0
      dir-glob: 3.0.1
      fast-glob: 3.2.11
      ignore: 5.2.0
      merge2: 1.4.1
      slash: 3.0.0
    dev: true

  /graceful-fs/4.2.10:
    resolution: {integrity: sha512-9ByhssR2fPVsNZj478qUUbKfmL0+t5BDVyjShtyZZLiK7ZDAArFFfopyOTj0M05wE2tJPisA4iTnnXl2YoPvOA==}
    dev: false

  /has-flag/3.0.0:
    resolution: {integrity: sha512-sKJf1+ceQBr4SMkvQnBDNDtf4TXpVhVGateu0t918bl30FnbE2m4vNLX+VWe/dpjlb+HugGYzW7uQXH98HPEYw==}
    engines: {node: '>=4'}
    dev: false

  /has-flag/4.0.0:
    resolution: {integrity: sha512-EykJT/Q1KjTWctppgIAgfSO0tKVuZUjhgMr17kqTumMl6Afv3EISleU7qZUzoXDFTAHTDC4NOoG/ZxU3EvlMPQ==}
    engines: {node: '>=8'}
    dev: false

  /human-signals/2.1.0:
    resolution: {integrity: sha512-B4FFZ6q/T2jhhksgkbEW3HBvWIfDW85snkQgawt07S7J5QXTk6BkNV+0yAeZrM5QpMAdYlocGoljn0sJ/WQkFw==}
    engines: {node: '>=10.17.0'}
    dev: false

  /ignore/5.2.0:
    resolution: {integrity: sha512-CmxgYGiEPCLhfLnpPp1MoRmifwEIOgjcHXxOBjv7mY96c+eWScsOP9c112ZyLdWHi0FxHjI+4uVhKYp/gcdRmQ==}
    engines: {node: '>= 4'}
    dev: true

  /imurmurhash/0.1.4:
    resolution: {integrity: sha512-JmXMZ6wuvDmLiHEml9ykzqO6lwFbof0GG4IkcGaENdCRDDmMVnny7s5HsIgHCbaq0w2MyPhDqkhTUgS2LU2PHA==}
    engines: {node: '>=0.8.19'}
    dev: false

  /individual/3.0.0:
    resolution: {integrity: sha512-rUY5vtT748NMRbEMrTNiFfy29BgGZwGXUi2NFUVMWQrogSLzlJvQV9eeMWi+g1aVaQ53tpyLAQtd5x/JH0Nh1g==}
    dev: false

  /inflight/1.0.6:
    resolution: {integrity: sha512-k92I/b08q4wvFscXCLvqfsHCrjrF7yiXsQuIVvVE7N82W3+aqpzuUdBbfhWcy/FZR3/4IgflMgKLOsvPDrGCJA==}
    dependencies:
      once: 1.4.0
      wrappy: 1.0.2
    dev: false

  /inherits/2.0.4:
    resolution: {integrity: sha512-k/vGaX4/Yla3WzyMCvTQOXYeIHvqOKtnqBduzTHpzpQZzAskKMhZ2K+EnBiSM9zGSoIFeMpXKxa4dYeZIQqewQ==}
    dev: false

  /ini/1.3.8:
    resolution: {integrity: sha512-JV/yugV2uzW5iMRSiZAyDtQd+nxtUnjeLt0acNdw98kKLrvuRVyB80tsREOE7yvGVgalhZ6RNXCmEHkUKBKxew==}
    dev: false

  /is-arrayish/0.2.1:
    resolution: {integrity: sha512-zz06S8t0ozoDXMG+ube26zeCTNXcKIPJZJi8hBrF4idCLms4CG9QtK7qBl1boi5ODzFpjswb5JPmHCbMpjaYzg==}
    dev: false

  /is-binary-path/2.1.0:
    resolution: {integrity: sha512-ZMERYes6pDydyuGidse7OsHxtbI7WVeUEozgR/g7rd0xUimYNlvZRE/K2MgZTjWy725IfelLeVcEM97mmtRGXw==}
    engines: {node: '>=8'}
    dependencies:
      binary-extensions: 2.2.0
    dev: true

  /is-extglob/2.1.1:
    resolution: {integrity: sha512-SbKbANkN603Vi4jEZv49LeVJMn4yGwsbzZworEoyEiutsN3nJYdbO36zfhGJ6QEDpOZIFkDtnq5JRxmvl3jsoQ==}
    engines: {node: '>=0.10.0'}

  /is-fullwidth-code-point/3.0.0:
    resolution: {integrity: sha512-zymm5+u+sCsSWyD9qNaejV3DFvhCKclKdizYaJUuHA83RLjb7nSuGnddCHGv0hk+KY7BMAlsWeK4Ueg6EV6XQg==}
    engines: {node: '>=8'}
    dev: false

  /is-glob/4.0.3:
    resolution: {integrity: sha512-xelSayHH36ZgE7ZWhli7pW34hNbNl8Ojv5KVmkJD4hBdD3th8Tfk9vYasLM+mXWOZhFkgZfxhLSnrwRr4elSSg==}
    engines: {node: '>=0.10.0'}
    dependencies:
      is-extglob: 2.1.1

  /is-number/7.0.0:
    resolution: {integrity: sha512-41Cifkg6e8TylSpdtTpeLVMqvSBEVzTttHvERD741+pnZ8ANv0004MRL43QKPDlK9cGvNp6NZWZUBlbGXYxxng==}
    engines: {node: '>=0.12.0'}

  /is-plain-obj/2.1.0:
    resolution: {integrity: sha512-YWnfyRwxL/+SsrWYfOpUtz5b3YD+nyfkHvjbcanzk8zgyO4ASD67uVMRt8k5bM4lLMDnXfriRhOpemw+NfT1eA==}
    engines: {node: '>=8'}
    dev: false

  /is-stream/2.0.1:
    resolution: {integrity: sha512-hFoiJiTl63nn+kstHGBtewWSKnQLpyb155KHheA1l39uvtO9nWIop1p3udqPcUd/xbF1VLMO4n7OI6p7RbngDg==}
    engines: {node: '>=8'}
    dev: false

  /is-subdir/1.2.0:
    resolution: {integrity: sha512-2AT6j+gXe/1ueqbW6fLZJiIw3F8iXGJtt0yDrZaBhAZEG1raiTxKWU+IPqMCzQAXOUCKdA4UDMgacKH25XG2Cw==}
    engines: {node: '>=4'}
    dependencies:
      better-path-resolve: 1.0.0
    dev: false

  /is-typedarray/1.0.0:
    resolution: {integrity: sha512-cyA56iCMHAh5CdzjJIa4aohJyeO1YbwLi3Jc35MmRU6poroFjIGZzUzupGiRPOjgHg9TLu43xbpwXk523fMxKA==}
    dev: false

  /is-windows/1.0.2:
    resolution: {integrity: sha512-eXK1UInq2bPmjyX6e3VHIzMLobc4J94i4AWn+Hpq3OU5KkrRC96OAcR3PRJ/pGu6m8TRnBHP9dkXQVsT/COVIA==}
    engines: {node: '>=0.10.0'}
    dev: false

  /isexe/2.0.0:
    resolution: {integrity: sha512-RHxMLp9lnKHGHRng9QFhRCMbYAcVpn69smSGcq3f36xjgVVWThj4qqLbTLlq7Ssj8B+fIQ1EuCEGI2lKsyQeIw==}
    dev: false

  /js-tokens/4.0.0:
    resolution: {integrity: sha512-RdJUflcE3cUzKiMqQgsCu06FPu9UdIJO0beYbPhHN4k6apgJtifcoCtT9bcxOpYBtpD2kCM6Sbzg4CausW/PKQ==}
    dev: false

  /js-yaml/4.1.0:
    resolution: {integrity: sha512-wpxZs9NoxZaJESJGIZTyDEaYpl0FKSA+FB9aJiyemKhMwkxQg63h4T1KJgUGHpTqPDNRcmmYLugrRjJlBtWvRA==}
    hasBin: true
    dependencies:
      argparse: 2.0.1
    dev: false

  /json-parse-even-better-errors/2.3.1:
    resolution: {integrity: sha512-xyFwyhro/JEof6Ghe2iz2NcXoj2sloNsWr/XsERDK/oiPCfaNhl5ONfp+jQdAZRQQ0IJWNzH9zIZF7li91kh2w==}
    dev: false

  /json-stringify-safe/5.0.1:
    resolution: {integrity: sha512-ZClg6AaYvamvYEE82d3Iyd3vSSIjQ+odgjaTzRuO3s7toCdFKczob2i0zCh7JE8kWn17yvAWhUVxvqGwUalsRA==}
    dev: false

  /json5/2.2.1:
    resolution: {integrity: sha512-1hqLFMSrGHRHxav9q9gNjJ5EXznIxGVO09xQRrwplcS8qs28pZ8s8hupZAmqDwZUmVZ2Qb2jnyPOWcDH8m8dlA==}
    engines: {node: '>=6'}
    hasBin: true
    dev: false

  /jsonfile/6.1.0:
    resolution: {integrity: sha512-5dgndWOriYSm5cnYaJNhalLNDKOqFwyDB/rr1E9ZsGciGvKPs8R2xYGCacuf3z6K1YKDz182fd+fY3cn3pMqXQ==}
    dependencies:
      universalify: 2.0.0
    optionalDependencies:
      graceful-fs: 4.2.10
    dev: false

  /lines-and-columns/1.2.4:
    resolution: {integrity: sha512-7ylylesZQ/PV29jhEDl3Ufjo6ZX7gCqJr5F7PKrqc93v7fzSymt1BpwEU8nAUXs8qzzvqhbjhK5QZg6Mt/HkBg==}
    dev: false

  /load-json-file/6.2.0:
    resolution: {integrity: sha512-gUD/epcRms75Cw8RT1pUdHugZYM5ce64ucs2GEISABwkRsOQr0q2wm/MV2TKThycIe5e0ytRweW2RZxclogCdQ==}
    engines: {node: '>=8'}
    dependencies:
      graceful-fs: 4.2.10
      parse-json: 5.2.0
      strip-bom: 4.0.0
      type-fest: 0.6.0
    dev: false

  /lru-cache/6.0.0:
    resolution: {integrity: sha512-Jo6dJ04CmSjuznwJSS3pUeWmd/H0ffTlkXXgwZi+eq1UCmqQwCh+eLsYOYCwY991i2Fah4h1BEMCx4qThGbsiA==}
    engines: {node: '>=10'}
    dependencies:
      yallist: 4.0.0
    dev: false

  /map-age-cleaner/0.1.3:
    resolution: {integrity: sha512-bJzx6nMoP6PDLPBFmg7+xRKeFZvFboMrGlxmNj9ClvX53KrmvM5bXFXEWjbz4cz1AFn+jWJ9z/DJSz7hrs0w3w==}
    engines: {node: '>=6'}
    dependencies:
      p-defer: 1.0.0
    dev: false

  /mem/8.1.1:
    resolution: {integrity: sha512-qFCFUDs7U3b8mBDPyz5EToEKoAkgCzqquIgi9nkkR9bixxOVOre+09lbuH7+9Kn2NFpm56M3GUWVbU2hQgdACA==}
    engines: {node: '>=10'}
    dependencies:
      map-age-cleaner: 0.1.3
      mimic-fn: 3.1.0
    dev: false

  /merge-stream/2.0.0:
    resolution: {integrity: sha512-abv/qOcuPfk3URPfDzmZU1LKmuw8kT+0nIHvKrKgFrwifol/doWcdA4ZqsWQ8ENrFKkd67Mfpo/LovbIUsbt3w==}
    dev: false

  /merge2/1.4.1:
    resolution: {integrity: sha512-8q7VEgMJW4J8tcfVPy8g09NcQwZdbwFEqhe/WZkoIzjn/3TGDwtOCYtXGxA3O8tPzpczCCDgv+P2P5y00ZJOOg==}
    engines: {node: '>= 8'}

  /micromatch/4.0.5:
    resolution: {integrity: sha512-DMy+ERcEW2q8Z2Po+WNXuw3c5YaUSFjAO5GsJqfEl7UjvtIuFKO6ZrKvcItdy98dwFI2N1tg3zNIdKaQT+aNdA==}
    engines: {node: '>=8.6'}
    dependencies:
      braces: 3.0.2
      picomatch: 2.3.1

  /mimic-fn/2.1.0:
    resolution: {integrity: sha512-OqbOk5oEQeAZ8WXWydlu9HJjz9WVdEIvamMCcXmuqUYjTknH/sqsWvhQ3vgwKFRR1HpjvNBKQ37nbJgYzGqGcg==}
    engines: {node: '>=6'}
    dev: false

  /mimic-fn/3.1.0:
    resolution: {integrity: sha512-Ysbi9uYW9hFyfrThdDEQuykN4Ey6BuwPD2kpI5ES/nFTDn/98yxYNLZJcgUAKPT/mcrLLKaGzJR9YVxJrIdASQ==}
    engines: {node: '>=8'}
    dev: false

  /minimatch/5.1.0:
    resolution: {integrity: sha512-9TPBGGak4nHfGZsPBohm9AWg6NoT7QTCehS3BIJABslyZbzxfV78QM2Y6+i741OPZIafFAaiiEMh5OyIrJPgtg==}
    engines: {node: '>=10'}
    dependencies:
      brace-expansion: 2.0.1
    dev: false

  /minimist/1.2.6:
    resolution: {integrity: sha512-Jsjnk4bw3YJqYzbdyBiNsPWHPfO++UGG749Cxs6peCu5Xg4nrena6OVxOYxrQTqww0Jmwt+Ref8rggumkTLz9Q==}
    dev: false

  /mylas/2.1.11:
    resolution: {integrity: sha512-krnPUl3n9/k52FGCltWMYcqp9SttxjRJEy0sWLk+g7mIa7wnZrmNSZ40Acx7ghzRSOsxt2rEqMbaq4jWlnTDKg==}
    engines: {node: '>=12.0.0'}
    dev: true

  /ndjson/2.0.0:
    resolution: {integrity: sha512-nGl7LRGrzugTtaFcJMhLbpzJM6XdivmbkdlaGcrk/LXg2KL/YBC6z1g70xh0/al+oFuVFP8N8kiWRucmeEH/qQ==}
    engines: {node: '>=10'}
    hasBin: true
    dependencies:
      json-stringify-safe: 5.0.1
      minimist: 1.2.6
      readable-stream: 3.6.0
      split2: 3.2.2
      through2: 4.0.2
    dev: false

  /normalize-path/3.0.0:
    resolution: {integrity: sha512-6eZs5Ls3WtCisHWp9S2GUy8dqkpGi4BVSz3GaqiE6ezub0512ESztXUwUB6C6IKbQkY2Pnb/mD4WYojCRwcwLA==}
    engines: {node: '>=0.10.0'}

  /normalize-registry-url/2.0.0:
    resolution: {integrity: sha512-3e9FwDyRAhbxXw4slm4Tjv40u78yPwMc/WZkACpqNQOs5sM7wic853AeTLkMFEVhivZkclGYlse8iYsklz0Yvg==}
    dev: false

  /npm-run-path/4.0.1:
    resolution: {integrity: sha512-S48WzZW777zhNIrn7gxOlISNAqi9ZC/uQFnRdbeIHhZhCA6UqpkOT8T1G7BvfdgP4Er8gF4sUbaS0i7QvIfCWw==}
    engines: {node: '>=8'}
    dependencies:
      path-key: 3.1.1
    dev: false

  /once/1.4.0:
    resolution: {integrity: sha512-lNaJgI+2Q5URQBkccEKHTQOPaXdUxnZZElQTZY0MFUAuaEqe1E+Nyvgdz/aIyNi6Z9MzO5dv1H8n58/GELp3+w==}
    dependencies:
      wrappy: 1.0.2
    dev: false

  /onetime/5.1.2:
    resolution: {integrity: sha512-kbpaSSGJTWdAY5KPVeMOKXSrPtr8C8C7wodJbcsd51jRnmD+GZu8Y0VoU6Dm5Z4vWr0Ig/1NKuWRKf7j5aaYSg==}
    engines: {node: '>=6'}
    dependencies:
      mimic-fn: 2.1.0
    dev: false

  /p-defer/1.0.0:
    resolution: {integrity: sha512-wB3wfAxZpk2AzOfUMJNL+d36xothRSyj8EXOa4f6GMqYDN9BJaaSISbsk+wS9abmnebVw95C2Kb5t85UmpCxuw==}
    engines: {node: '>=4'}
    dev: false

  /p-filter/2.1.0:
    resolution: {integrity: sha512-ZBxxZ5sL2HghephhpGAQdoskxplTwr7ICaehZwLIlfL6acuVgZPm8yBNuRAFBGEqtD/hmUeq9eqLg2ys9Xr/yw==}
    engines: {node: '>=8'}
    dependencies:
      p-map: 2.1.0
    dev: false

  /p-map/2.1.0:
    resolution: {integrity: sha512-y3b8Kpd8OAN444hxfBbFfj1FY/RjtTd8tzYwhUqNYXx0fXx2iX4maP4Qr6qhIKbQXI02wTLAda4fYUbDagTUFw==}
    engines: {node: '>=6'}
    dev: false

  /parse-json/5.2.0:
    resolution: {integrity: sha512-ayCKvm/phCGxOkYRSCM82iDwct8/EonSEgCSxWxD7ve6jHggsFl4fZVQBPRNgQoKiuV/odhFrGzQXZwbifC8Rg==}
    engines: {node: '>=8'}
    dependencies:
      '@babel/code-frame': 7.18.6
      error-ex: 1.3.2
      json-parse-even-better-errors: 2.3.1
      lines-and-columns: 1.2.4
    dev: false

  /parse-ms/2.1.0:
    resolution: {integrity: sha512-kHt7kzLoS9VBZfUsiKjv43mr91ea+U05EyKkEtqp7vNbHxmaVuEqN7XxeEVnGrMtYOAxGrDElSi96K7EgO1zCA==}
    engines: {node: '>=6'}
    dev: false

  /path-absolute/1.0.1:
    resolution: {integrity: sha512-gds5iRhSeOcDtj8gfWkRHLtZKTPsFVuh7utbjYtvnclw4XM+ffRzJrwqMhOD1PVqef7nBLmgsu1vIujjvAJrAw==}
    engines: {node: '>=4'}
    dev: false

  /path-key/3.1.1:
    resolution: {integrity: sha512-ojmeN0qd+y0jszEtoY48r0Peq5dwMEkIlCOu6Q5f41lfkswXuKtYrhgoTpLnyIcHm24Uhqx+5Tqm2InSwLhE6Q==}
    engines: {node: '>=8'}
    dev: false

  /path-name/1.0.0:
    resolution: {integrity: sha512-/dcAb5vMXH0f51yvMuSUqFpxUcA8JelbRmE5mW/p4CUJxrNgK24IkstnV7ENtg2IDGBOu6izKTG6eilbnbNKWQ==}
    dev: false

  /path-temp/2.0.0:
    resolution: {integrity: sha512-92olbatybjsHTGB2CUnAM7s0mU/27gcMfLNA7t09UftndUdxywlQKur3fzXEPpfLrgZD3I2Bt8+UmiL7YDEgXQ==}
    engines: {node: '>=8.15'}
    dependencies:
      unique-string: 2.0.0
    dev: false

  /path-type/4.0.0:
    resolution: {integrity: sha512-gDKb8aZMDeD/tZWs9P6+q0J9Mwkdl6xMV8TjnGP3qJVJ06bdMgkbBlLU8IdfOsIsFz2BW1rNVT3XuNEl8zPAvw==}
    engines: {node: '>=8'}
    dev: true

  /picomatch/2.3.1:
    resolution: {integrity: sha512-JU3teHTNjmE2VCGFzuY8EXzCDVwEqB2a8fsIvwaStHhAWJEeVd1o1QD80CU6+ZdEXXSLbSsuLwJjkCBWqRQUVA==}
    engines: {node: '>=8.6'}

  /plimit-lit/1.3.0:
    resolution: {integrity: sha512-63qOoSzggsjBHPVbaKeEtsO8oWTeyJxUfVRLkoc59pRkDiCCLvqn2tCgAkfbejrx+V5zJtlG2wqkk/Db6cwlVQ==}
    dependencies:
      queue-lit: 1.3.0
    dev: true

  /pretty-bytes/5.6.0:
    resolution: {integrity: sha512-FFw039TmrBqFK8ma/7OL3sDz/VytdtJr044/QUJtH0wK9lb9jLq9tJyIxUwtQJHwar2BqtiA4iCWSwo9JLkzFg==}
    engines: {node: '>=6'}
    dev: false

  /pretty-ms/7.0.1:
    resolution: {integrity: sha512-973driJZvxiGOQ5ONsFhOF/DtzPMOMtgC11kCpUrPGMTgqp2q/1gwzCquocrN33is0VZ5GFHXZYMM9l6h67v2Q==}
    engines: {node: '>=10'}
    dependencies:
      parse-ms: 2.1.0
    dev: false

  /printable-characters/1.0.42:
    resolution: {integrity: sha512-dKp+C4iXWK4vVYZmYSd0KBH5F/h1HoZRsbJ82AVKRO3PEo8L4lBS/vLwhVtpwwuYcoIsVY+1JYKR268yn480uQ==}
    dev: false

  /proto-list/1.2.4:
    resolution: {integrity: sha512-vtK/94akxsTMhe0/cbfpR+syPuszcuwhqVjJq26CuNDgFGj682oRBXOP5MJpv2r7JtE8MsiepGIqvvOTBwn2vA==}
    dev: false

  /queue-lit/1.3.0:
    resolution: {integrity: sha512-3HpQ7bD2ct56qPithPr5IzH2Oij3WVPcgevCJ+mI9HAfVJKCqQ2yiFYgb4AUkLfsCmmbVDy9luvE97Ztzr5eBg==}
    dev: true

  /queue-microtask/1.2.3:
    resolution: {integrity: sha512-NuaNSa6flKT5JaSYQzJok04JzTL1CA6aGhv5rfLW3PgqA+M2ChpZQnAC8h8i4ZFkBS8X5RqkDBHA7r4hej3K9A==}

  /read-yaml-file/2.1.0:
    resolution: {integrity: sha512-UkRNRIwnhG+y7hpqnycCL/xbTk7+ia9VuVTC0S+zVbwd65DI9eUpRMfsWIGrCWxTU/mi+JW8cHQCrv+zfCbEPQ==}
    engines: {node: '>=10.13'}
    dependencies:
      js-yaml: 4.1.0
      strip-bom: 4.0.0
    dev: false

  /readable-stream/3.6.0:
    resolution: {integrity: sha512-BViHy7LKeTz4oNnkcLJ+lVSL6vpiFeX6/d3oSH8zCW7UxP2onchk+vTGB143xuFjHS3deTgkKoXXymXqymiIdA==}
    engines: {node: '>= 6'}
    dependencies:
      inherits: 2.0.4
      string_decoder: 1.3.0
      util-deprecate: 1.0.2
    dev: false

  /readdirp/3.6.0:
    resolution: {integrity: sha512-hOS089on8RduqdbhvQ5Z37A0ESjsqz6qnRcffsMU3495FuTdqSm+7bhJ29JvIOsBDEEnan5DPu9t3To9VRlMzA==}
    engines: {node: '>=8.10.0'}
    dependencies:
      picomatch: 2.3.1
    dev: true

  /realpath-missing/1.1.0:
    resolution: {integrity: sha512-wnWtnywepjg/eHIgWR97R7UuM5i+qHLA195qdN9UPKvcMqfn60+67S8sPPW3vDlSEfYHoFkKU8IvpCNty3zQvQ==}
    engines: {node: '>=10'}
    dev: false

  /reusify/1.0.4:
    resolution: {integrity: sha512-U9nH88a3fc/ekCF1l0/UP1IosiuIjyTh7hBvXVMHYgVcfGvt897Xguj2UOLDeI5BG2m7/uwyaLVT6fbtCwTyzw==}
    engines: {iojs: '>=1.0.0', node: '>=0.10.0'}

  /right-pad/1.0.1:
    resolution: {integrity: sha512-bYBjgxmkvTAfgIYy328fmkwhp39v8lwVgWhhrzxPV3yHtcSqyYKe9/XOhvW48UFjATg3VuJbpsp5822ACNvkmw==}
    engines: {node: '>= 0.10'}
    dev: false

  /run-parallel/1.2.0:
    resolution: {integrity: sha512-5l4VyZR86LZ/lDxZTR6jqL8AFE2S0IFLMP26AbjsLVADxHdhB/c0GUsH+y39UfCi3dzz8OlQuPmnaJOMoDHQBA==}
    dependencies:
      queue-microtask: 1.2.3

  /rxjs/7.5.6:
    resolution: {integrity: sha512-dnyv2/YsXhnm461G+R/Pe5bWP41Nm6LBXEYWI6eiFP4fiwx6WRI/CD0zbdVAudd9xwLEF2IDcKXLHit0FYjUzw==}
    dependencies:
      tslib: 2.4.0
    dev: false

  /safe-buffer/5.2.1:
    resolution: {integrity: sha512-rp3So07KcdmmKbGvgaNxQSJr7bGVSVk5S9Eq1F+ppbRo70+YeaDxkw5Dd8NPN+GD6bjnYm2VuPuCXmpuYvmCXQ==}
    dev: false

  /safe-execa/0.1.2:
    resolution: {integrity: sha512-vdTshSQ2JsRCgT8eKZWNJIL26C6bVqy1SOmuCMlKHegVeo8KYRobRrefOdUq9OozSPUUiSxrylteeRmLOMFfWg==}
    engines: {node: '>=12'}
    dependencies:
      '@zkochan/which': 2.0.3
      execa: 5.1.1
      path-name: 1.0.0
    dev: false

  /semver/7.3.7:
    resolution: {integrity: sha512-QlYTucUYOews+WeEujDoEGziz4K6c47V/Bd+LjSSYcA94p+DmINdf7ncaUinThfvZyu13lN9OY1XDxt8C0Tw0g==}
    engines: {node: '>=10'}
    hasBin: true
    dependencies:
      lru-cache: 6.0.0
    dev: false

  /shebang-command/2.0.0:
    resolution: {integrity: sha512-kHxr2zZpYtdmrN1qDjrrX/Z1rR1kG8Dx+gkpK1G4eXmvXswmcE1hTWBWYUzlraYw1/yZp6YuDY77YtvbN0dmDA==}
    engines: {node: '>=8'}
    dependencies:
      shebang-regex: 3.0.0
    dev: false

  /shebang-regex/3.0.0:
    resolution: {integrity: sha512-7++dFhtcx3353uBaq8DDR4NuxBetBzC7ZQOhmTQInHEd6bSrXdiEyzCvG07Z44UYdLShWUyXt5M/yhz8ekcb1A==}
    engines: {node: '>=8'}
    dev: false

  /signal-exit/3.0.7:
    resolution: {integrity: sha512-wnD2ZE+l+SPC/uoS0vXeE9L1+0wuaMqKlfz9AMUo38JsyLSBWSFcHR1Rri62LZc12vLr1gb3jl7iwQhgwpAbGQ==}
    dev: false

  /slash/3.0.0:
    resolution: {integrity: sha512-g9Q1haeby36OSStwb4ntCGGGaKsaVSjQ68fBxoQcutl5fS1vuY18H3wSt3jFyFtrkx+Kz0V1G85A4MyAdDMi2Q==}
    engines: {node: '>=8'}
    dev: true

  /sort-keys/4.2.0:
    resolution: {integrity: sha512-aUYIEU/UviqPgc8mHR6IW1EGxkAXpeRETYcrzg8cLAvUPZcpAlleSXHV2mY7G12GphSH6Gzv+4MMVSSkbdteHg==}
    engines: {node: '>=8'}
    dependencies:
      is-plain-obj: 2.1.0
    dev: false

  /source-map/0.6.1:
    resolution: {integrity: sha512-UjgapumWlbMhkBgzT7Ykc5YXUT46F0iKu8SGXq0bcwP5dz/h0Plj6enJqjz1Zbq2l5WaqYnrVbwWOWMyF3F47g==}
    engines: {node: '>=0.10.0'}
    dev: false

  /split2/3.2.2:
    resolution: {integrity: sha512-9NThjpgZnifTkJpzTZ7Eue85S49QwpNhZTq6GRJwObb6jnLFNGB7Qm73V5HewTROPyxD0C29xqmaI68bQtV+hg==}
    dependencies:
      readable-stream: 3.6.0
    dev: false

  /stacktracey/2.1.8:
    resolution: {integrity: sha512-Kpij9riA+UNg7TnphqjH7/CzctQ/owJGNbFkfEeve4Z4uxT5+JapVLFXcsurIfN34gnTWZNJ/f7NMG0E8JDzTw==}
    dependencies:
      as-table: 1.0.55
      get-source: 2.0.12
    dev: false

  /string-length/4.0.2:
    resolution: {integrity: sha512-+l6rNN5fYHNhZZy41RXsYptCjA2Igmq4EG7kZAYFQI1E1VTXarr6ZPXBg6eq7Y6eK4FEhY6AJlyuFIb/v/S0VQ==}
    engines: {node: '>=10'}
    dependencies:
      char-regex: 1.0.2
      strip-ansi: 6.0.1
    dev: false

  /string-width/4.2.3:
    resolution: {integrity: sha512-wKyQRQpjJ0sIp62ErSZdGsjMJWsap5oRNihHhu6G7JVO/9jIB6UyevL+tXuOqrng8j/cxKTWyWUwvSTriiZz/g==}
    engines: {node: '>=8'}
    dependencies:
      emoji-regex: 8.0.0
      is-fullwidth-code-point: 3.0.0
      strip-ansi: 6.0.1
    dev: false

  /string_decoder/1.3.0:
    resolution: {integrity: sha512-hkRX8U1WjJFd8LsDJ2yQ/wWWxaopEsABU1XfkM8A+j0+85JAGppt16cr1Whg6KIbb4okU6Mql6BOj+uup/wKeA==}
    dependencies:
      safe-buffer: 5.2.1
    dev: false

  /strip-ansi/6.0.1:
    resolution: {integrity: sha512-Y38VPSHcqkFrCpFnQ9vuSXmquuv5oXOKpGeT6aGrr3o3Gc9AlVa6JBfUSOCnbxGGZF+/0ooI7KrPuUSztUdU5A==}
    engines: {node: '>=8'}
    dependencies:
      ansi-regex: 5.0.1
    dev: false

  /strip-bom/4.0.0:
    resolution: {integrity: sha512-3xurFv5tEgii33Zi8Jtp55wEIILR9eh34FAW00PZf+JnSsTmV/ioewSgQl97JHvgjoRGwPShsWm+IdrxB35d0w==}
    engines: {node: '>=8'}
    dev: false

  /strip-final-newline/2.0.0:
    resolution: {integrity: sha512-BrpvfNAE3dcvq7ll3xVumzjKjZQ5tI1sEUIKr3Uoks0XUl45St3FlatVqef9prk4jRDzhW6WZg+3bk93y6pLjA==}
    engines: {node: '>=6'}
    dev: false

  /supports-color/5.5.0:
    resolution: {integrity: sha512-QjVjwdXIt408MIiAqCX4oUKsgU2EqAGzs2Ppkm4aQYbjm+ZEWEcW4SfFNTr4uMNZma0ey4f5lgLrkB0aX0QMow==}
    engines: {node: '>=4'}
    dependencies:
      has-flag: 3.0.0
    dev: false

  /supports-color/7.2.0:
    resolution: {integrity: sha512-qpCAvRl9stuOHveKsn7HncJRvv501qIacKzQlO/+Lwxc9+0q2wLyv4Dfvt80/DPn2pqOBsJdDiogXGR9+OvwRw==}
    engines: {node: '>=8'}
    dependencies:
      has-flag: 4.0.0
    dev: false

  /through2/4.0.2:
    resolution: {integrity: sha512-iOqSav00cVxEEICeD7TjLB1sueEL+81Wpzp2bY17uZjZN0pWZPuo4suZ/61VujxmqSGFfgOcNuTZ85QJwNZQpw==}
    dependencies:
      readable-stream: 3.6.0
    dev: false

  /to-regex-range/5.0.1:
    resolution: {integrity: sha512-65P7iz6X5yEr1cwcgvQxbbIw7Uk3gOy5dIdtZ4rDveLqhrdJP+Li/Hx6tyK0NEb+2GCyneCMJiGqrADCSNk8sQ==}
    engines: {node: '>=8.0'}
    dependencies:
      is-number: 7.0.0

  /tsc-alias/1.7.0:
    resolution: {integrity: sha512-n/K6g8S7Ec7Y/A2Z77Ikp2Uv1S1ERtT63ni69XV4W1YPT4rnNmz8ItgIiJYvKfFnKfqcZQ81UPjoKpMTxaC/rg==}
    hasBin: true
    dependencies:
      chokidar: 3.5.3
      commander: 9.4.0
      globby: 11.1.0
      mylas: 2.1.11
      normalize-path: 3.0.0
      plimit-lit: 1.3.0
    dev: true

  /tslib/2.4.0:
    resolution: {integrity: sha512-d6xOpEDfsi2CZVlPQzGeux8XMwLT9hssAsaPYExaQMuYskwb+x1x7J371tWlbBdWHroy99KnVB6qIkUbs5X3UQ==}
    dev: false

  /type-fest/0.20.2:
    resolution: {integrity: sha512-Ne+eE4r0/iWnpAxD852z3A+N0Bt5RN//NjJwRd2VFHEmrywxf5vsZlh4R6lixl6B+wz/8d+maTSAkN1FIkI3LQ==}
    engines: {node: '>=10'}
    dev: false

  /type-fest/0.6.0:
    resolution: {integrity: sha512-q+MB8nYR1KDLrgr4G5yemftpMC7/QLqVndBmEEdqzmNj5dcFOO4Oo8qlwZE3ULT3+Zim1F8Kq4cBnikNhlCMlg==}
    engines: {node: '>=8'}
    dev: false

  /typedarray-to-buffer/3.1.5:
    resolution: {integrity: sha512-zdu8XMNEDepKKR+XYOXAVPtWui0ly0NtohUscw+UmaHiAWT8hrV1rr//H6V+0DvJ3OQ19S979M0laLfX8rm82Q==}
    dependencies:
      is-typedarray: 1.0.0
    dev: false

  /typescript/4.7.4:
    resolution: {integrity: sha512-C0WQT0gezHuw6AdY1M2jxUO83Rjf0HP7Sk1DtXj6j1EwkQNZrHAg2XPWlq62oqEhYvONq5pkC2Y9oPljWToLmQ==}
    engines: {node: '>=4.2.0'}
    hasBin: true
    dev: true

  /unique-string/2.0.0:
    resolution: {integrity: sha512-uNaeirEPvpZWSgzwsPGtU2zVSTrn/8L5q/IexZmH0eH6SA73CmAA5U4GwORTxQAZs95TAXLNqeLoPPNO5gZfWg==}
    engines: {node: '>=8'}
    dependencies:
      crypto-random-string: 2.0.0
    dev: false

  /universalify/2.0.0:
    resolution: {integrity: sha512-hAZsKq7Yy11Zu1DE0OzWjw7nnLZmJZYTDZZyEFHZdUhV8FkH5MCfoU1XMaxXovpyW5nq5scPqq0ZDP9Zyl04oQ==}
    engines: {node: '>= 10.0.0'}
    dev: false

  /util-deprecate/1.0.2:
    resolution: {integrity: sha512-EPD5q1uXyFxJpCrLnCc1nHnq3gOa6DZBocAIiI2TaSCA7VCJ1UJDMagCzIkXNsUYfD1daK//LTEQ8xiIbrHtcw==}
    dev: false

  /which/2.0.2:
    resolution: {integrity: sha512-BLI3Tl1TW3Pvl70l3yq3Y64i+awpwXqsGBYWkkqMtnbXgrMD+yj7rhW0kuEDxzJaYXGjEW5ogapKNMEKNMjibA==}
    engines: {node: '>= 8'}
    hasBin: true
    dependencies:
      isexe: 2.0.0
    dev: false

  /widest-line/3.1.0:
    resolution: {integrity: sha512-NsmoXalsWVDMGupxZ5R08ka9flZjjiLvHVAWYOKtiKM8ujtZWr9cRffak+uSE48+Ob8ObalXpwyeUiyDD6QFgg==}
    engines: {node: '>=8'}
    dependencies:
      string-width: 4.2.3
    dev: false

  /wrap-ansi/7.0.0:
    resolution: {integrity: sha512-YVGIj2kamLSTxw6NsZjoBxfSwsn0ycdesmc4p+Q21c5zPuZ1pl+NfxVdxPtdHvmNVOQ6XSYG4AUtyt/Fi7D16Q==}
    engines: {node: '>=10'}
    dependencies:
      ansi-styles: 4.3.0
      string-width: 4.2.3
      strip-ansi: 6.0.1
    dev: false

  /wrappy/1.0.2:
    resolution: {integrity: sha512-l4Sp/DRseor9wL6EvV2+TuQn63dMkPjZ/sp9XkghTEbV9KlPS1xUsZ3u7/IQO4wxtcFB4bgpQPRcR3QCvezPcQ==}
    dev: false

  /write-file-atomic/3.0.3:
    resolution: {integrity: sha512-AvHcyZ5JnSfq3ioSyjrBkH9yW4m7Ayk8/9My/DD9onKeu/94fwrMocemO2QAJFAlnnDN+ZDS+ZjAR5ua1/PV/Q==}
    dependencies:
      imurmurhash: 0.1.4
      is-typedarray: 1.0.0
      signal-exit: 3.0.7
      typedarray-to-buffer: 3.1.5
    dev: false

  /write-yaml-file/4.2.0:
    resolution: {integrity: sha512-LwyucHy0uhWqbrOkh9cBluZBeNVxzHjDaE9mwepZG3n3ZlbM4v3ndrFw51zW/NXYFFqP+QWZ72ihtLWTh05e4Q==}
    engines: {node: '>=10.13'}
    dependencies:
      js-yaml: 4.1.0
      write-file-atomic: 3.0.3
    dev: false

  /yallist/4.0.0:
    resolution: {integrity: sha512-3wdGidZyq5PB084XLES5TpOSRA3wjXAlIWMhum2kRcv/41Sn2emQ0dycQW4uZXLejwKvg6EsvbdlVL+FYEct7A==}
    dev: false
